
Microsoft Visual Studio Solution File, Format Version 12.00
# Visual Studio 2012
Project("{FAE04EC0-301F-11D3-BF4B-00C04F79EFBC}") = "Xamarin.Android.ViewPagerIndicator", "Xamarin.Android.ViewPagerIndicator\Xamarin.Android.ViewPagerIndicator.csproj", "{F6273ADD-000D-4D4E-A773-6A4A44BB308F}"
EndProject
Project("{FAE04EC0-301F-11D3-BF4B-00C04F79EFBC}") = "Xamarin.Android.ViewPagerIndicator.Sample", "Xamarin.Android.ViewPagerIndicator.Sample\Xamarin.Android.ViewPagerIndicator.Sample.csproj", "{54FF9251-7B36-4B1B-9E5E-3B9BAF5399DC}"
EndProject
Project("{FAE04EC0-301F-11D3-BF4B-00C04F79EFBC}") = "Xamarin.Android.ViewPagerIndicator.Sample.UITests", "Xamarin.Android.ViewPagerIndicator.Sample.UITests\Xamarin.Android.ViewPagerIndicator.Sample.UITests.csproj", "{ED75CE3C-58EB-4F03-854F-F30264EC0AD0}"
EndProject
Global
	GlobalSection(SolutionConfigurationPlatforms) = preSolution
		Debug|Any CPU = Debug|Any CPU
		Release|Any CPU = Release|Any CPU
	EndGlobalSection
	GlobalSection(ProjectConfigurationPlatforms) = postSolution
		{54FF9251-7B36-4B1B-9E5E-3B9BAF5399DC}.Debug|Any CPU.ActiveCfg = Debug|Any CPU
		{54FF9251-7B36-4B1B-9E5E-3B9BAF5399DC}.Debug|Any CPU.Build.0 = Debug|Any CPU
		{54FF9251-7B36-4B1B-9E5E-3B9BAF5399DC}.Release|Any CPU.ActiveCfg = Release|Any CPU
		{54FF9251-7B36-4B1B-9E5E-3B9BAF5399DC}.Release|Any CPU.Build.0 = Release|Any CPU
		{ED75CE3C-58EB-4F03-854F-F30264EC0AD0}.Debug|Any CPU.ActiveCfg = Debug|Any CPU
		{ED75CE3C-58EB-4F03-854F-F30264EC0AD0}.Debug|Any CPU.Build.0 = Debug|Any CPU
		{ED75CE3C-58EB-4F03-854F-F30264EC0AD0}.Release|Any CPU.ActiveCfg = Release|Any CPU
		{ED75CE3C-58EB-4F03-854F-F30264EC0AD0}.Release|Any CPU.Build.0 = Release|Any CPU
		{F6273ADD-000D-4D4E-A773-6A4A44BB308F}.Debug|Any CPU.ActiveCfg = Debug|Any CPU
		{F6273ADD-000D-4D4E-A773-6A4A44BB308F}.Debug|Any CPU.Build.0 = Debug|Any CPU
		{F6273ADD-000D-4D4E-A773-6A4A44BB308F}.Release|Any CPU.ActiveCfg = Release|Any CPU
		{F6273ADD-000D-4D4E-A773-6A4A44BB308F}.Release|Any CPU.Build.0 = Release|Any CPU
	EndGlobalSection
EndGlobal
